// !$*UTF8*$!
{
	archiveVersion = 1;
	classes = {
	};
	objectVersion = 48;
	objects = {

/* Begin PBXBuildFile section */
		EB955EAE203B9ECA008808AB /* AppDelegate.swift in Sources */ = {isa = PBXBuildFile; fileRef = EB955EAD203B9ECA008808AB /* AppDelegate.swift */; };
		EB955EB0203B9ECA008808AB /* ViewController.swift in Sources */ = {isa = PBXBuildFile; fileRef = EB955EAF203B9ECA008808AB /* ViewController.swift */; };
		EB955EB3203B9ECA008808AB /* Main.storyboard in Resources */ = {isa = PBXBuildFile; fileRef = EB955EB1203B9ECA008808AB /* Main.storyboard */; };
		EB955EB6203B9ECA008808AB /* PitchPerfect.xcdatamodeld in Sources */ = {isa = PBXBuildFile; fileRef = EB955EB4203B9ECA008808AB /* PitchPerfect.xcdatamodeld */; };
		EB955EB8203B9ECA008808AB /* Assets.xcassets in Resources */ = {isa = PBXBuildFile; fileRef = EB955EB7203B9ECA008808AB /* Assets.xcassets */; };
		EB955EBB203B9ECA008808AB /* LaunchScreen.storyboard in Resources */ = {isa = PBXBuildFile; fileRef = EB955EB9203B9ECA008808AB /* LaunchScreen.storyboard */; };
		EB955EC6203B9ECA008808AB /* PitchPerfectTests.swift in Sources */ = {isa = PBXBuildFile; fileRef = EB955EC5203B9ECA008808AB /* PitchPerfectTests.swift */; };
		EB955ED1203B9ECA008808AB /* PitchPerfectUITests.swift in Sources */ = {isa = PBXBuildFile; fileRef = EB955ED0203B9ECA008808AB /* PitchPerfectUITests.swift */; };
/* End PBXBuildFile section */

/* Begin PBXContainerItemProxy section */
		EB955EC2203B9ECA008808AB /* PBXContainerItemProxy */ = {
			isa = PBXContainerItemProxy;
			containerPortal = EB955EA2203B9ECA008808AB /* Project object */;
			proxyType = 1;
			remoteGlobalIDString = EB955EA9203B9ECA008808AB;
			remoteInfo = PitchPerfect;
		};
		EB955ECD203B9ECA008808AB /* PBXContainerItemProxy */ = {
			isa = PBXContainerItemProxy;
			containerPortal = EB955EA2203B9ECA008808AB /* Project object */;
			proxyType = 1;
			remoteGlobalIDString = EB955EA9203B9ECA008808AB;
			remoteInfo = PitchPerfect;
		};
/* End PBXContainerItemProxy section */

/* Begin PBXFileReference section */
		EB955EAA203B9ECA008808AB /* PitchPerfect.app */ = {isa = PBXFileReference; explicitFileType = wrapper.application; includeInIndex = 0; path = PitchPerfect.app; sourceTree = BUILT_PRODUCTS_DIR; };
		EB955EAD203B9ECA008808AB /* AppDelegate.swift */ = {isa = PBXFileReference; lastKnownFileType = sourcecode.swift; path = AppDelegate.swift; sourceTree = "<group>"; };
		EB955EAF203B9ECA008808AB /* ViewController.swift */ = {isa = PBXFileReference; lastKnownFileType = sourcecode.swift; path = ViewController.swift; sourceTree = "<group>"; };
		EB955EB2203B9ECA008808AB /* Base */ = {isa = PBXFileReference; lastKnownFileType = file.storyboard; name = Base; path = Base.lproj/Main.storyboard; sourceTree = "<group>"; };
		EB955EB5203B9ECA008808AB /* PitchPerfect.xcdatamodel */ = {isa = PBXFileReference; lastKnownFileType = wrapper.xcdatamodel; path = PitchPerfect.xcdatamodel; sourceTree = "<group>"; };
		EB955EB7203B9ECA008808AB /* Assets.xcassets */ = {isa = PBXFileReference; lastKnownFileType = folder.assetcatalog; path = Assets.xcassets; sourceTree = "<group>"; };
		EB955EBA203B9ECA008808AB /* Base */ = {isa = PBXFileReference; lastKnownFileType = file.storyboard; name = Base; path = Base.lproj/LaunchScreen.storyboard; sourceTree = "<group>"; };
		EB955EBC203B9ECA008808AB /* Info.plist */ = {isa = PBXFileReference; lastKnownFileType = text.plist.xml; path = Info.plist; sourceTree = "<group>"; };
		EB955EC1203B9ECA008808AB /* PitchPerfectTests.xctest */ = {isa = PBXFileReference; explicitFileType = wrapper.cfbundle; includeInIndex = 0; path = PitchPerfectTests.xctest; sourceTree = BUILT_PRODUCTS_DIR; };
		EB955EC5203B9ECA008808AB /* PitchPerfectTests.swift */ = {isa = PBXFileReference; lastKnownFileType = sourcecode.swift; path = PitchPerfectTests.swift; sourceTree = "<group>"; };
		EB955EC7203B9ECA008808AB /* Info.plist */ = {isa = PBXFileReference; lastKnownFileType = text.plist.xml; path = Info.plist; sourceTree = "<group>"; };
		EB955ECC203B9ECA008808AB /* PitchPerfectUITests.xctest */ = {isa = PBXFileReference; explicitFileType = wrapper.cfbundle; includeInIndex = 0; path = PitchPerfectUITests.xctest; sourceTree = BUILT_PRODUCTS_DIR; };
		EB955ED0203B9ECA008808AB /* PitchPerfectUITests.swift */ = {isa = PBXFileReference; lastKnownFileType = sourcecode.swift; path = PitchPerfectUITests.swift; sourceTree = "<group>"; };
		EB955ED2203B9ECB008808AB /* Info.plist */ = {isa = PBXFileReference; lastKnownFileType = text.plist.xml; path = Info.plist; sourceTree = "<group>"; };
/* End PBXFileReference section */

/* Begin PBXFrameworksBuildPhase section */
		EB955EA7203B9ECA008808AB /* Frameworks */ = {
			isa = PBXFrameworksBuildPhase;
			buildActionMask = 2147483647;
			files = (
			);
			runOnlyForDeploymentPostprocessing = 0;
		};
		EB955EBE203B9ECA008808AB /* Frameworks */ = {
			isa = PBXFrameworksBuildPhase;
			buildActionMask = 2147483647;
			files = (
			);
			runOnlyForDeploymentPostprocessing = 0;
		};
		EB955EC9203B9ECA008808AB /* Frameworks */ = {
			isa = PBXFrameworksBuildPhase;
			buildActionMask = 2147483647;
			files = (
			);
			runOnlyForDeploymentPostprocessing = 0;
		};
/* End PBXFrameworksBuildPhase section */

/* Begin PBXGroup section */
		EB955EA1203B9ECA008808AB = {
			isa = PBXGroup;
			children = (
				EB955EAC203B9ECA008808AB /* PitchPerfect */,
				EB955EC4203B9ECA008808AB /* PitchPerfectTests */,
				EB955ECF203B9ECA008808AB /* PitchPerfectUITests */,
				EB955EAB203B9ECA008808AB /* Products */,
			);
			sourceTree = "<group>";
		};
		EB955EAB203B9ECA008808AB /* Products */ = {
			isa = PBXGroup;
			children = (
				EB955EAA203B9ECA008808AB /* PitchPerfect.app */,
				EB955EC1203B9ECA008808AB /* PitchPerfectTests.xctest */,
				EB955ECC203B9ECA008808AB /* PitchPerfectUITests.xctest */,
			);
			name = Products;
			sourceTree = "<group>";
		};
		EB955EAC203B9ECA008808AB /* PitchPerfect */ = {
			isa = PBXGroup;
			children = (
				EB955EAD203B9ECA008808AB /* AppDelegate.swift */,
				EB955EAF203B9ECA008808AB /* ViewController.swift */,
				EB955EB1203B9ECA008808AB /* Main.storyboard */,
				EB955EB7203B9ECA008808AB /* Assets.xcassets */,
				EB955EB9203B9ECA008808AB /* LaunchScreen.storyboard */,
				EB955EBC203B9ECA008808AB /* Info.plist */,
				EB955EB4203B9ECA008808AB /* PitchPerfect.xcdatamodeld */,
			);
			path = PitchPerfect;
			sourceTree = "<group>";
		};
		EB955EC4203B9ECA008808AB /* PitchPerfectTests */ = {
			isa = PBXGroup;
			children = (
				EB955EC5203B9ECA008808AB /* PitchPerfectTests.swift */,
				EB955EC7203B9ECA008808AB /* Info.plist */,
			);
			path = PitchPerfectTests;
			sourceTree = "<group>";
		};
		EB955ECF203B9ECA008808AB /* PitchPerfectUITests */ = {
			isa = PBXGroup;
			children = (
				EB955ED0203B9ECA008808AB /* PitchPerfectUITests.swift */,
				EB955ED2203B9ECB008808AB /* Info.plist */,
			);
			path = PitchPerfectUITests;
			sourceTree = "<group>";
		};
/* End PBXGroup section */

/* Begin PBXNativeTarget section */
		EB955EA9203B9ECA008808AB /* PitchPerfect */ = {
			isa = PBXNativeTarget;
			buildConfigurationList = EB955ED5203B9ECB008808AB /* Build configuration list for PBXNativeTarget "PitchPerfect" */;
			buildPhases = (
				EB955EA6203B9ECA008808AB /* Sources */,
				EB955EA7203B9ECA008808AB /* Frameworks */,
				EB955EA8203B9ECA008808AB /* Resources */,
			);
			buildRules = (
			);
			dependencies = (
			);
			name = PitchPerfect;
			productName = PitchPerfect;
			productReference = EB955EAA203B9ECA008808AB /* PitchPerfect.app */;
			productType = "com.apple.product-type.application";
		};
		EB955EC0203B9ECA008808AB /* PitchPerfectTests */ = {
			isa = PBXNativeTarget;
			buildConfigurationList = EB955ED8203B9ECB008808AB /* Build configuration list for PBXNativeTarget "PitchPerfectTests" */;
			buildPhases = (
				EB955EBD203B9ECA008808AB /* Sources */,
				EB955EBE203B9ECA008808AB /* Frameworks */,
				EB955EBF203B9ECA008808AB /* Resources */,
			);
			buildRules = (
			);
			dependencies = (
				EB955EC3203B9ECA008808AB /* PBXTargetDependency */,
			);
			name = PitchPerfectTests;
			productName = PitchPerfectTests;
			productReference = EB955EC1203B9ECA008808AB /* PitchPerfectTests.xctest */;
			productType = "com.apple.product-type.bundle.unit-test";
		};
		EB955ECB203B9ECA008808AB /* PitchPerfectUITests */ = {
			isa = PBXNativeTarget;
			buildConfigurationList = EB955EDB203B9ECB008808AB /* Build configuration list for PBXNativeTarget "PitchPerfectUITests" */;
			buildPhases = (
				EB955EC8203B9ECA008808AB /* Sources */,
				EB955EC9203B9ECA008808AB /* Frameworks */,
				EB955ECA203B9ECA008808AB /* Resources */,
			);
			buildRules = (
			);
			dependencies = (
				EB955ECE203B9ECA008808AB /* PBXTargetDependency */,
			);
			name = PitchPerfectUITests;
			productName = PitchPerfectUITests;
			productReference = EB955ECC203B9ECA008808AB /* PitchPerfectUITests.xctest */;
			productType = "com.apple.product-type.bundle.ui-testing";
		};
/* End PBXNativeTarget section */

/* Begin PBXProject section */
		EB955EA2203B9ECA008808AB /* Project object */ = {
			isa = PBXProject;
			attributes = {
				LastSwiftUpdateCheck = 0920;
				LastUpgradeCheck = 0920;
				ORGANIZATIONNAME = "Nirmala Jayaraman";
				TargetAttributes = {
					EB955EA9203B9ECA008808AB = {
						CreatedOnToolsVersion = 9.2;
						ProvisioningStyle = Automatic;
					};
					EB955EC0203B9ECA008808AB = {
						CreatedOnToolsVersion = 9.2;
						ProvisioningStyle = Automatic;
						TestTargetID = EB955EA9203B9ECA008808AB;
					};
					EB955ECB203B9ECA008808AB = {
						CreatedOnToolsVersion = 9.2;
						ProvisioningStyle = Automatic;
						TestTargetID = EB955EA9203B9ECA008808AB;
					};
				};
			};
			buildConfigurationList = EB955EA5203B9ECA008808AB /* Build configuration list for PBXProject "PitchPerfect" */;
			compatibilityVersion = "Xcode 8.0";
			developmentRegion = en;
			hasScannedForEncodings = 0;
			knownRegions = (
				en,
				Base,
			);
			mainGroup = EB955EA1203B9ECA008808AB;
			productRefGroup = EB955EAB203B9ECA008808AB /* Products */;
			projectDirPath = "";
			projectRoot = "";
			targets = (
				EB955EA9203B9ECA008808AB /* PitchPerfect */,
				EB955EC0203B9ECA008808AB /* PitchPerfectTests */,
				EB955ECB203B9ECA008808AB /* PitchPerfectUITests */,
			);
		};
/* End PBXProject section */

/* Begin PBXResourcesBuildPhase section */
		EB955EA8203B9ECA008808AB /* Resources */ = {
			isa = PBXResourcesBuildPhase;
			buildActionMask = 2147483647;
			files = (
				EB955EBB203B9ECA008808AB /* LaunchScreen.storyboard in Resources */,
				EB955EB8203B9ECA008808AB /* Assets.xcassets in Resources */,
				EB955EB3203B9ECA008808AB /* Main.storyboard in Resources */,
			);
			runOnlyForDeploymentPostprocessing = 0;
		};
		EB955EBF203B9ECA008808AB /* Resources */ = {
			isa = PBXResourcesBuildPhase;
			buildActionMask = 2147483647;
			files = (
			);
			runOnlyForDeploymentPostprocessing = 0;
		};
		EB955ECA203B9ECA008808AB /* Resources */ = {
			isa = PBXResourcesBuildPhase;
			buildActionMask = 2147483647;
			files = (
			);
			runOnlyForDeploymentPostprocessing = 0;
		};
/* End PBXResourcesBuildPhase section */

/* Begin PBXSourcesBuildPhase section */
		EB955EA6203B9ECA008808AB /* Sources */ = {
			isa = PBXSourcesBuildPhase;
			buildActionMask = 2147483647;
			files = (
				EB955EB0203B9ECA008808AB /* ViewController.swift in Sources */,
				EB955EB6203B9ECA008808AB /* PitchPerfect.xcdatamodeld in Sources */,
				EB955EAE203B9ECA008808AB /* AppDelegate.swift in Sources */,
			);
			runOnlyForDeploymentPostprocessing = 0;
		};
		EB955EBD203B9ECA008808AB /* Sources */ = {
			isa = PBXSourcesBuildPhase;
			buildActionMask = 2147483647;
			files = (
				EB955EC6203B9ECA008808AB /* PitchPerfectTests.swift in Sources */,
			);
			runOnlyForDeploymentPostprocessing = 0;
		};
		EB955EC8203B9ECA008808AB /* Sources */ = {
			isa = PBXSourcesBuildPhase;
			buildActionMask = 2147483647;
			files = (
				EB955ED1203B9ECA008808AB /* PitchPerfectUITests.swift in Sources */,
			);
			runOnlyForDeploymentPostprocessing = 0;
		};
/* End PBXSourcesBuildPhase section */

/* Begin PBXTargetDependency section */
		EB955EC3203B9ECA008808AB /* PBXTargetDependency */ = {
			isa = PBXTargetDependency;
			target = EB955EA9203B9ECA008808AB /* PitchPerfect */;
			targetProxy = EB955EC2203B9ECA008808AB /* PBXContainerItemProxy */;
		};
		EB955ECE203B9ECA008808AB /* PBXTargetDependency */ = {
			isa = PBXTargetDependency;
			target = EB955EA9203B9ECA008808AB /* PitchPerfect */;
			targetProxy = EB955ECD203B9ECA008808AB /* PBXContainerItemProxy */;
		};
/* End PBXTargetDependency section */

/* Begin PBXVariantGroup section */
		EB955EB1203B9ECA008808AB /* Main.storyboard */ = {
			isa = PBXVariantGroup;
			children = (
				EB955EB2203B9ECA008808AB /* Base */,
			);
			name = Main.storyboard;
			sourceTree = "<group>";
		};
		EB955EB9203B9ECA008808AB /* LaunchScreen.storyboard */ = {
			isa = PBXVariantGroup;
			children = (
				EB955EBA203B9ECA008808AB /* Base */,
			);
			name = LaunchScreen.storyboard;
			sourceTree = "<group>";
		};
/* End PBXVariantGroup section */

/* Begin XCBuildConfiguration section */
		EB955ED3203B9ECB008808AB /* Debug */ = {
			isa = XCBuildConfiguration;
			buildSettings = {
				ALWAYS_SEARCH_USER_PATHS = NO;
				CLANG_ANALYZER_NONNULL = YES;
				CLANG_ANALYZER_NUMBER_OBJECT_CONVERSION = YES_AGGRESSIVE;
				CLANG_CXX_LANGUAGE_STANDARD = "gnu++14";
				CLANG_CXX_LIBRARY = "libc++";
				CLANG_ENABLE_MODULES = YES;
				CLANG_ENABLE_OBJC_ARC = YES;
				CLANG_WARN_BLOCK_CAPTURE_AUTORELEASING = YES;
				CLANG_WARN_BOOL_CONVERSION = YES;
				CLANG_WARN_COMMA = YES;
				CLANG_WARN_CONSTANT_CONVERSION = YES;
				CLANG_WARN_DIRECT_OBJC_ISA_USAGE = YES_ERROR;
				CLANG_WARN_DOCUMENTATION_COMMENTS = YES;
				CLANG_WARN_EMPTY_BODY = YES;
				CLANG_WARN_ENUM_CONVERSION = YES;
				CLANG_WARN_INFINITE_RECURSION = YES;
				CLANG_WARN_INT_CONVERSION = YES;
				CLANG_WARN_NON_LITERAL_NULL_CONVERSION = YES;
				CLANG_WARN_OBJC_LITERAL_CONVERSION = YES;
				CLANG_WARN_OBJC_ROOT_CLASS = YES_ERROR;
				CLANG_WARN_RANGE_LOOP_ANALYSIS = YES;
				CLANG_WARN_STRICT_PROTOTYPES = YES;
				CLANG_WARN_SUSPICIOUS_MOVE = YES;
				CLANG_WARN_UNGUARDED_AVAILABILITY = YES_AGGRESSIVE;
				CLANG_WARN_UNREACHABLE_CODE = YES;
				CLANG_WARN__DUPLICATE_METHOD_MATCH = YES;
				CODE_SIGN_IDENTITY = "iPhone Developer";
				COPY_PHASE_STRIP = NO;
				DEBUG_INFORMATION_FORMAT = dwarf;
				ENABLE_STRICT_OBJC_MSGSEND = YES;
				ENABLE_TESTABILITY = YES;
				GCC_C_LANGUAGE_STANDARD = gnu11;
				GCC_DYNAMIC_NO_PIC = NO;
				GCC_NO_COMMON_BLOCKS = YES;
				GCC_OPTIMIZATION_LEVEL = 0;
				GCC_PREPROCESSOR_DEFINITIONS = (
					"DEBUG=1",
					"$(inherited)",
				);
				GCC_WARN_64_TO_32_BIT_CONVERSION = YES;
				GCC_WARN_ABOUT_RETURN_TYPE = YES_ERROR;
				GCC_WARN_UNDECLARED_SELECTOR = YES;
				GCC_WARN_UNINITIALIZED_AUTOS = YES_AGGRESSIVE;
				GCC_WARN_UNUSED_FUNCTION = YES;
				GCC_WARN_UNUSED_VARIABLE = YES;
				IPHONEOS_DEPLOYMENT_TARGET = 11.2;
				MTL_ENABLE_DEBUG_INFO = YES;
				ONLY_ACTIVE_ARCH = YES;
				SDKROOT = iphoneos;
				SWIFT_ACTIVE_COMPILATION_CONDITIONS = DEBUG;
				SWIFT_OPTIMIZATION_LEVEL = "-Onone";
			};
			name = Debug;
		};
		EB955ED4203B9ECB008808AB /* Release */ = {
			isa = XCBuildConfiguration;
			buildSettings = {
				ALWAYS_SEARCH_USER_PATHS = NO;
				CLANG_ANALYZER_NONNULL = YES;
				CLANG_ANALYZER_NUMBER_OBJECT_CONVERSION = YES_AGGRESSIVE;
				CLANG_CXX_LANGUAGE_STANDARD = "gnu++14";
				CLANG_CXX_LIBRARY = "libc++";
				CLANG_ENABLE_MODULES = YES;
				CLANG_ENABLE_OBJC_ARC = YES;
				CLANG_WARN_BLOCK_CAPTURE_AUTORELEASING = YES;
				CLANG_WARN_BOOL_CONVERSION = YES;
				CLANG_WARN_COMMA = YES;
				CLANG_WARN_CONSTANT_CONVERSION = YES;
				CLANG_WARN_DIRECT_OBJC_ISA_USAGE = YES_ERROR;
				CLANG_WARN_DOCUMENTATION_COMMENTS = YES;
				CLANG_WARN_EMPTY_BODY = YES;
				CLANG_WARN_ENUM_CONVERSION = YES;
				CLANG_WARN_INFINITE_RECURSION = YES;
				CLANG_WARN_INT_CONVERSION = YES;
				CLANG_WARN_NON_LITERAL_NULL_CONVERSION = YES;
				CLANG_WARN_OBJC_LITERAL_CONVERSION = YES;
				CLANG_WARN_OBJC_ROOT_CLASS = YES_ERROR;
				CLANG_WARN_RANGE_LOOP_ANALYSIS = YES;
				CLANG_WARN_STRICT_PROTOTYPES = YES;
				CLANG_WARN_SUSPICIOUS_MOVE = YES;
				CLANG_WARN_UNGUARDED_AVAILABILITY = YES_AGGRESSIVE;
				CLANG_WARN_UNREACHABLE_CODE = YES;
				CLANG_WARN__DUPLICATE_METHOD_MATCH = YES;
				CODE_SIGN_IDENTITY = "iPhone Developer";
				COPY_PHASE_STRIP = NO;
				DEBUG_INFORMATION_FORMAT = "dwarf-with-dsym";
				ENABLE_NS_ASSERTIONS = NO;
				ENABLE_STRICT_OBJC_MSGSEND = YES;
				GCC_C_LANGUAGE_STANDARD = gnu11;
				GCC_NO_COMMON_BLOCKS = YES;
				GCC_WARN_64_TO_32_BIT_CONVERSION = YES;
				GCC_WARN_ABOUT_RETURN_TYPE = YES_ERROR;
				GCC_WARN_UNDECLARED_SELECTOR = YES;
				GCC_WARN_UNINITIALIZED_AUTOS = YES_AGGRESSIVE;
				GCC_WARN_UNUSED_FUNCTION = YES;
				GCC_WARN_UNUSED_VARIABLE = YES;
				IPHONEOS_DEPLOYMENT_TARGET = 11.2;
				MTL_ENABLE_DEBUG_INFO = NO;
				SDKROOT = iphoneos;
				SWIFT_OPTIMIZATION_LEVEL = "-Owholemodule";
				VALIDATE_PRODUCT = YES;
			};
			name = Release;
		};
		EB955ED6203B9ECB008808AB /* Debug */ = {
			isa = XCBuildConfiguration;
			buildSettings = {
				ASSETCATALOG_COMPILER_APPICON_NAME = AppIcon;
				CODE_SIGN_STYLE = Automatic;
				DEVELOPMENT_TEAM = 3WT55PT69P;
				INFOPLIST_FILE = PitchPerfect/Info.plist;
				LD_RUNPATH_SEARCH_PATHS = "$(inherited) @executable_path/Frameworks";
				PRODUCT_BUNDLE_IDENTIFIER = com.nirmala.PitchPerfect;
				PRODUCT_NAME = "$(TARGET_NAME)";
				SWIFT_VERSION = 4.0;
				TARGETED_DEVICE_FAMILY = "1,2";
			};
			name = Debug;
		};
		EB955ED7203B9ECB008808AB /* Release */ = {
			isa = XCBuildConfiguration;
			buildSettings = {
				ASSETCATALOG_COMPILER_APPICON_NAME = AppIcon;
				CODE_SIGN_STYLE = Automatic;
				DEVELOPMENT_TEAM = 3WT55PT69P;
				INFOPLIST_FILE = PitchPerfect/Info.plist;
				LD_RUNPATH_SEARCH_PATHS = "$(inherited) @executable_path/Frameworks";
				PRODUCT_BUNDLE_IDENTIFIER = com.nirmala.PitchPerfect;
				PRODUCT_NAME = "$(TARGET_NAME)";
				SWIFT_VERSION = 4.0;
				TARGETED_DEVICE_FAMILY = "1,2";
			};
			name = Release;
		};
		EB955ED9203B9ECB008808AB /* Debug */ = {
			isa = XCBuildConfiguration;
			buildSettings = {
				ALWAYS_EMBED_SWIFT_STANDARD_LIBRARIES = YES;
				BUNDLE_LOADER = "$(TEST_HOST)";
				CODE_SIGN_STYLE = Automatic;
				DEVELOPMENT_TEAM = 3WT55PT69P;
				INFOPLIST_FILE = PitchPerfectTests/Info.plist;
				LD_RUNPATH_SEARCH_PATHS = "$(inherited) @executable_path/Frameworks @loader_path/Frameworks";
				PRODUCT_BUNDLE_IDENTIFIER = com.nirmala.PitchPerfectTests;
				PRODUCT_NAME = "$(TARGET_NAME)";
				SWIFT_VERSION = 4.0;
				TARGETED_DEVICE_FAMILY = "1,2";
				TEST_HOST = "$(BUILT_PRODUCTS_DIR)/PitchPerfect.app/PitchPerfect";
			};
			name = Debug;
		};
		EB955EDA203B9ECB008808AB /* Release */ = {
			isa = XCBuildConfiguration;
			buildSettings = {
				ALWAYS_EMBED_SWIFT_STANDARD_LIBRARIES = YES;
				BUNDLE_LOADER = "$(TEST_HOST)";
				CODE_SIGN_STYLE = Automatic;
				DEVELOPMENT_TEAM = 3WT55PT69P;
				INFOPLIST_FILE = PitchPerfectTests/Info.plist;
				LD_RUNPATH_SEARCH_PATHS = "$(inherited) @executable_path/Frameworks @loader_path/Frameworks";
				PRODUCT_BUNDLE_IDENTIFIER = com.nirmala.PitchPerfectTests;
				PRODUCT_NAME = "$(TARGET_NAME)";
				SWIFT_VERSION = 4.0;
				TARGETED_DEVICE_FAMILY = "1,2";
				TEST_HOST = "$(BUILT_PRODUCTS_DIR)/PitchPerfect.app/PitchPerfect";
			};
			name = Release;
		};
		EB955EDC203B9ECB008808AB /* Debug */ = {
			isa = XCBuildConfiguration;
			buildSettings = {
				ALWAYS_EMBED_SWIFT_STANDARD_LIBRARIES = YES;
				CODE_SIGN_STYLE = Automatic;
				DEVELOPMENT_TEAM = 3WT55PT69P;
				INFOPLIST_FILE = PitchPerfectUITests/Info.plist;
				LD_RUNPATH_SEARCH_PATHS = "$(inherited) @executable_path/Frameworks @loader_path/Frameworks";
				PRODUCT_BUNDLE_IDENTIFIER = com.nirmala.PitchPerfectUITests;
				PRODUCT_NAME = "$(TARGET_NAME)";
				SWIFT_VERSION = 4.0;
				TARGETED_DEVICE_FAMILY = "1,2";
				TEST_TARGET_NAME = PitchPerfect;
			};
			name = Debug;
		};
		EB955EDD203B9ECB008808AB /* Release */ = {
			isa = XCBuildConfiguration;
			buildSettings = {
				ALWAYS_EMBED_SWIFT_STANDARD_LIBRARIES = YES;
				CODE_SIGN_STYLE = Automatic;
				DEVELOPMENT_TEAM = 3WT55PT69P;
				INFOPLIST_FILE = PitchPerfectUITests/Info.plist;
				LD_RUNPATH_SEARCH_PATHS = "$(inherited) @executable_path/Frameworks @loader_path/Frameworks";
				PRODUCT_BUNDLE_IDENTIFIER = com.nirmala.PitchPerfectUITests;
				PRODUCT_NAME = "$(TARGET_NAME)";
				SWIFT_VERSION = 4.0;
				TARGETED_DEVICE_FAMILY = "1,2";
				TEST_TARGET_NAME = PitchPerfect;
			};
			name = Release;
		};
/* End XCBuildConfiguration section */

/* Begin XCConfigurationList section */
		EB955EA5203B9ECA008808AB /* Build configuration list for PBXProject "PitchPerfect" */ = {
			isa = XCConfigurationList;
			buildConfigurations = (
				EB955ED3203B9ECB008808AB /* Debug */,
				EB955ED4203B9ECB008808AB /* Release */,
			);
			defaultConfigurationIsVisible = 0;
			defaultConfigurationName = Release;
		};
		EB955ED5203B9ECB008808AB /* Build configuration list for PBXNativeTarget "PitchPerfect" */ = {
			isa = XCConfigurationList;
			buildConfigurations = (
				EB955ED6203B9ECB008808AB /* Debug */,
				EB955ED7203B9ECB008808AB /* Release */,
			);
			defaultConfigurationIsVisible = 0;
			defaultConfigurationName = Release;
		};
		EB955ED8203B9ECB008808AB /* Build configuration list for PBXNativeTarget "PitchPerfectTests" */ = {
			isa = XCConfigurationList;
			buildConfigurations = (
				EB955ED9203B9ECB008808AB /* Debug */,
				EB955EDA203B9ECB008808AB /* Release */,
			);
			defaultConfigurationIsVisible = 0;
			defaultConfigurationName = Release;
		};
		EB955EDB203B9ECB008808AB /* Build configuration list for PBXNativeTarget "PitchPerfectUITests" */ = {
			isa = XCConfigurationList;
			buildConfigurations = (
				EB955EDC203B9ECB008808AB /* Debug */,
				EB955EDD203B9ECB008808AB /* Release */,
			);
			defaultConfigurationIsVisible = 0;
			defaultConfigurationName = Release;
		};
/* End XCConfigurationList section */

/* Begin XCVersionGroup section */
		EB955EB4203B9ECA008808AB /* PitchPerfect.xcdatamodeld */ = {
			isa = XCVersionGroup;
			children = (
				EB955EB5203B9ECA008808AB /* PitchPerfect.xcdatamodel */,
			);
			currentVersion = EB955EB5203B9ECA008808AB /* PitchPerfect.xcdatamodel */;
			path = PitchPerfect.xcdatamodeld;
			sourceTree = "<group>";
			versionGroupType = wrapper.xcdatamodel;
		};
/* End XCVersionGroup section */
	};
	rootObject = EB955EA2203B9ECA008808AB /* Project object */;
}
